[[package]]
category = "main"
description = "A library for parsing ISO 8601 strings."
name = "aniso8601"
optional = false
python-versions = "*"
version = "7.0.0"

[[package]]
category = "main"
description = "A small Python module for determining appropriate platform-specific dirs, e.g. a \"user data dir\"."
name = "appdirs"
optional = true
python-versions = "*"
version = "1.4.3"

[[package]]
category = "main"
description = "A few extensions to pyyaml."
name = "aspy.yaml"
optional = true
python-versions = ">=2.7, !=3.0.*, !=3.1.*, !=3.2.*, !=3.3.*"
version = "1.3.0"

[package.dependencies]
pyyaml = "*"

[[package]]
category = "main"
description = "Atomic file writes."
name = "atomicwrites"
optional = true
python-versions = ">=2.7, !=3.0.*, !=3.1.*, !=3.2.*, !=3.3.*"
version = "1.3.0"

[[package]]
category = "main"
description = "Classes Without Boilerplate"
name = "attrs"
optional = true
python-versions = ">=2.7, !=3.0.*, !=3.1.*, !=3.2.*, !=3.3.*"
version = "19.3.0"

[package.extras]
azure-pipelines = ["coverage", "hypothesis", "pympler", "pytest (>=4.3.0)", "six", "zope.interface", "pytest-azurepipelines"]
dev = ["coverage", "hypothesis", "pympler", "pytest (>=4.3.0)", "six", "zope.interface", "sphinx", "pre-commit"]
docs = ["sphinx", "zope.interface"]
tests = ["coverage", "hypothesis", "pympler", "pytest (>=4.3.0)", "six", "zope.interface"]

[[package]]
category = "main"
description = "Python package for providing Mozilla's CA Bundle."
name = "certifi"
optional = true
python-versions = "*"
version = "2019.11.28"

[[package]]
category = "main"
description = "Validate configuration and produce human readable error messages."
name = "cfgv"
optional = true
python-versions = ">=3.6"
version = "3.0.0"

[[package]]
category = "main"
description = "Universal encoding detector for Python 2 and 3"
name = "chardet"
optional = true
python-versions = "*"
version = "3.0.4"

[[package]]
category = "main"
description = "Cross-platform colored terminal text."
marker = "sys_platform == \"win32\" and python_version != \"3.4\" or platform_system == \"Windows\""
name = "colorama"
optional = true
python-versions = ">=2.7, !=3.0.*, !=3.1.*, !=3.2.*, !=3.3.*, !=3.4.*"
version = "0.4.3"

[[package]]
category = "main"
description = "Code coverage measurement for Python"
name = "coverage"
optional = true
python-versions = ">=2.7, !=3.0.*, !=3.1.*, !=3.2.*, !=3.3.*, !=3.4.*, <4"
version = "5.0.4"

[package.extras]
toml = ["toml"]

[[package]]
category = "main"
description = "Show coverage stats online via coveralls.io"
name = "coveralls"
optional = true
python-versions = "*"
version = "1.11.1"

[package.dependencies]
coverage = ">=3.6,<6.0"
docopt = ">=0.6.1"
requests = ">=1.0.0"

[package.extras]
yaml = ["PyYAML (>=3.10,<5.3)"]

[[package]]
category = "main"
description = "Distribution utilities"
name = "distlib"
optional = true
python-versions = "*"
version = "0.3.0"

[[package]]
category = "main"
description = "Pythonic argument parser, that will make you smile"
name = "docopt"
optional = true
python-versions = "*"
version = "0.6.2"

[[package]]
category = "main"
description = "A platform independent file lock."
name = "filelock"
optional = true
python-versions = "*"
version = "3.0.12"

[[package]]
category = "main"
description = "GraphQL Framework for Python"
name = "graphene"
optional = false
python-versions = "*"
version = "2.1.8"

[package.dependencies]
aniso8601 = ">=3,<=7"
graphql-core = ">=2.1,<3"
graphql-relay = ">=2,<3"
six = ">=1.10.0,<2"

[package.extras]
django = ["graphene-django"]
sqlalchemy = ["graphene-sqlalchemy"]
test = ["pytest", "pytest-benchmark", "pytest-cov", "pytest-mock", "snapshottest", "coveralls", "promise", "six", "mock", "pytz", "iso8601"]

[[package]]
category = "main"
description = "GraphQL implementation for Python"
name = "graphql-core"
optional = false
python-versions = "*"
version = "2.3.1"

[package.dependencies]
promise = ">=2.3,<3"
rx = ">=1.6,<2"
six = ">=1.10.0"

[package.extras]
gevent = ["gevent (>=1.1)"]
test = ["pytest (4.6.9)", "pytest-django (3.8.0)", "pytest-cov (2.8.1)", "coveralls (1.10.0)", "gevent (1.4.0)", "six (>=1.10.0)", "pytest-benchmark (3.2.3)", "pytest-mock (2.0.0)"]

[[package]]
category = "main"
description = "Relay implementation for Python"
name = "graphql-relay"
optional = false
python-versions = "*"
version = "2.0.1"

[package.dependencies]
graphql-core = ">=2.2,<3"
promise = ">=2.2,<3"
six = ">=1.12"

[[package]]
category = "main"
description = "File identification library for Python"
name = "identify"
optional = true
python-versions = "!=3.0.*,!=3.1.*,!=3.2.*,!=3.3.*,>=2.7"
version = "1.4.11"

[package.extras]
license = ["editdistance"]

[[package]]
category = "main"
description = "Internationalized Domain Names in Applications (IDNA)"
name = "idna"
optional = true
python-versions = ">=2.7, !=3.0.*, !=3.1.*, !=3.2.*, !=3.3.*"
version = "2.9"

[[package]]
category = "main"
description = "Read metadata from Python packages"
marker = "python_version < \"3.8\""
name = "importlib-metadata"
optional = true
python-versions = "!=3.0.*,!=3.1.*,!=3.2.*,!=3.3.*,!=3.4.*,>=2.7"
version = "1.5.0"

[package.dependencies]
zipp = ">=0.5"

[package.extras]
docs = ["sphinx", "rst.linker"]
testing = ["packaging", "importlib-resources"]

[[package]]
category = "main"
description = "Read resources from Python packages"
marker = "python_version < \"3.7\""
name = "importlib-resources"
optional = true
python-versions = "!=3.0.*,!=3.1.*,!=3.2.*,!=3.3.*,!=3.4.*,>=2.7"
version = "1.4.0"

[package.dependencies]
[package.dependencies.importlib-metadata]
python = "<3.8"
version = "*"

[package.dependencies.zipp]
python = "<3.8"
version = ">=0.4"

[package.extras]
docs = ["sphinx", "rst.linker", "jaraco.packaging"]

[[package]]
category = "main"
description = "Rolling backport of unittest.mock for all Pythons"
name = "mock"
optional = true
python-versions = "*"
version = "2.0.0"

[package.dependencies]
pbr = ">=0.11"
six = ">=1.9"

[package.extras]
docs = ["sphinx", "Pygments (<2)", "jinja2 (<2.7)", "sphinx (<1.3)"]
test = ["unittest2 (>=1.1.0)"]

[[package]]
category = "main"
description = "More routines for operating on iterables, beyond itertools"
marker = "python_version > \"2.7\""
name = "more-itertools"
optional = true
python-versions = ">=3.5"
version = "8.2.0"

[[package]]
category = "main"
description = "Node.js virtual environment builder"
name = "nodeenv"
optional = true
python-versions = "*"
version = "1.3.5"

[[package]]
category = "main"
description = "Core utilities for Python packages"
name = "packaging"
optional = true
python-versions = ">=2.7, !=3.0.*, !=3.1.*, !=3.2.*, !=3.3.*"
version = "20.3"

[package.dependencies]
pyparsing = ">=2.0.2"
six = "*"

[[package]]
category = "main"
description = "Python Build Reasonableness"
name = "pbr"
optional = true
python-versions = "*"
version = "5.4.4"

[[package]]
category = "main"
description = "plugin and hook calling mechanisms for python"
name = "pluggy"
optional = true
python-versions = ">=2.7, !=3.0.*, !=3.1.*, !=3.2.*, !=3.3.*"
version = "0.13.1"

[package.dependencies]
[package.dependencies.importlib-metadata]
python = "<3.8"
version = ">=0.12"

[package.extras]
dev = ["pre-commit", "tox"]

[[package]]
category = "main"
description = "A framework for managing and maintaining multi-language pre-commit hooks."
name = "pre-commit"
optional = true
python-versions = "!=3.0.*,!=3.1.*,!=3.2.*,!=3.3.*,!=3.4.*,>=2.7"
version = "1.21.0"

[package.dependencies]
"aspy.yaml" = "*"
cfgv = ">=2.0.0"
identify = ">=1.0.0"
nodeenv = ">=0.11.1"
pyyaml = "*"
six = "*"
toml = "*"
virtualenv = ">=15.2"

[package.dependencies.importlib-metadata]
python = "<3.8"
version = "*"

[package.dependencies.importlib-resources]
python = "<3.7"
version = "*"

[[package]]
category = "main"
description = "Promises/A+ implementation for Python"
name = "promise"
optional = false
python-versions = "*"
version = "2.3"

[package.dependencies]
six = "*"

[package.extras]
test = ["pytest (>=2.7.3)", "pytest-cov", "coveralls", "futures", "pytest-benchmark", "mock"]

[[package]]
category = "main"
description = "library with cross-python path, ini-parsing, io, code, log facilities"
name = "py"
optional = true
python-versions = ">=2.7, !=3.0.*, !=3.1.*, !=3.2.*, !=3.3.*"
version = "1.8.1"

[[package]]
category = "main"
description = "Get CPU info with pure Python 2 & 3"
name = "py-cpuinfo"
optional = true
python-versions = "*"
version = "5.0.0"

[[package]]
category = "main"
description = "Python parsing module"
name = "pyparsing"
optional = true
python-versions = ">=2.6, !=3.0.*, !=3.1.*, !=3.2.*"
version = "2.4.6"

[[package]]
category = "main"
description = "pytest: simple powerful testing with Python"
name = "pytest"
optional = true
python-versions = "!=3.0.*,!=3.1.*,!=3.2.*,!=3.3.*,>=2.7"
version = "4.6.9"

[package.dependencies]
atomicwrites = ">=1.0"
attrs = ">=17.4.0"
packaging = "*"
pluggy = ">=0.12,<1.0"
py = ">=1.5.0"
six = ">=1.10.0"
wcwidth = "*"

[package.dependencies.colorama]
python = "<3.4.0 || >=3.5.0"
version = "*"

[package.dependencies.importlib-metadata]
python = "<3.8"
version = ">=0.12"

[package.dependencies.more-itertools]
python = ">=2.8"
version = ">=4.0.0"

[package.extras]
testing = ["argcomplete", "hypothesis (>=3.56)", "nose", "requests", "mock"]

[[package]]
category = "main"
description = "A ``pytest`` fixture for benchmarking code. It will group the tests into rounds that are calibrated to the chosen timer. See calibration_ and FAQ_."
name = "pytest-benchmark"
optional = true
python-versions = ">=2.7, !=3.0.*, !=3.1.*, !=3.2.*, !=3.3.*, !=3.4.*"
version = "3.2.3"

[package.dependencies]
py-cpuinfo = "*"
pytest = ">=3.8"

[package.extras]
aspect = ["aspectlib"]
elasticsearch = ["elasticsearch"]
histogram = ["pygal", "pygaljs"]

[[package]]
category = "main"
description = "Pytest plugin for measuring coverage."
name = "pytest-cov"
optional = true
python-versions = ">=2.7, !=3.0.*, !=3.1.*, !=3.2.*, !=3.3.*"
version = "2.8.1"

[package.dependencies]
coverage = ">=4.4"
pytest = ">=3.6"

[package.extras]
testing = ["fields", "hunter", "process-tests (2.0.2)", "six", "virtualenv"]

[[package]]
category = "main"
description = "YAML parser and emitter for Python"
name = "pyyaml"
optional = true
python-versions = ">=2.7, !=3.0.*, !=3.1.*, !=3.2.*, !=3.3.*, !=3.4.*"
version = "5.3.1"

[[package]]
category = "main"
description = "Python HTTP for Humans."
name = "requests"
optional = true
python-versions = ">=2.7, !=3.0.*, !=3.1.*, !=3.2.*, !=3.3.*, !=3.4.*"
version = "2.23.0"

[package.dependencies]
certifi = ">=2017.4.17"
chardet = ">=3.0.2,<4"
idna = ">=2.5,<3"
urllib3 = ">=1.21.1,<1.25.0 || >1.25.0,<1.25.1 || >1.25.1,<1.26"

[package.extras]
security = ["pyOpenSSL (>=0.14)", "cryptography (>=1.3.4)"]
socks = ["PySocks (>=1.5.6,<1.5.7 || >1.5.7)", "win-inet-pton"]

[[package]]
category = "main"
description = "Reactive Extensions (Rx) for Python"
name = "rx"
optional = false
python-versions = "*"
version = "1.6.1"

[[package]]
category = "main"
description = "Python 2 and 3 compatibility utilities"
name = "six"
optional = false
python-versions = ">=2.7, !=3.0.*, !=3.1.*, !=3.2.*"
version = "1.14.0"

[[package]]
category = "main"
description = "Database Abstraction Library"
name = "sqlalchemy"
optional = false
python-versions = ">=2.7, !=3.0.*, !=3.1.*, !=3.2.*, !=3.3.*"
version = "1.3.15"

[package.extras]
mssql = ["pyodbc"]
mssql_pymssql = ["pymssql"]
mssql_pyodbc = ["pyodbc"]
mysql = ["mysqlclient"]
oracle = ["cx-oracle"]
postgresql = ["psycopg2"]
postgresql_pg8000 = ["pg8000"]
postgresql_psycopg2binary = ["psycopg2-binary"]
postgresql_psycopg2cffi = ["psycopg2cffi"]
pymysql = ["pymysql"]

[[package]]
category = "main"
description = "Various utility functions for SQLAlchemy."
name = "sqlalchemy-utils"
optional = true
python-versions = "*"
version = "0.33.11"

[package.dependencies]
SQLAlchemy = ">=1.0"
six = "*"

[package.extras]
anyjson = ["anyjson (>=0.3.3)"]
arrow = ["arrow (>=0.3.4)"]
babel = ["Babel (>=1.3)"]
color = ["colour (>=0.0.4)"]
encrypted = ["cryptography (>=0.6)"]
enum = ["enum34"]
intervals = ["intervals (>=0.7.1)"]
ipaddress = ["ipaddr"]
password = ["passlib (>=1.6,<2.0)"]
phone = ["phonenumbers (>=5.9.2)"]
test = ["pytest (>=2.7.1)", "Pygments (>=1.2)", "Jinja2 (>=2.3)", "docutils (>=0.10)", "flexmock (>=0.9.7)", "mock (2.0.0)", "psycopg2 (>=2.5.1)", "pg8000 (>=1.12.4)", "pytz (>=2014.2)", "python-dateutil (>=2.2)", "pymysql", "flake8 (>=2.4.0)", "isort (>=4.2.2)", "pyodbc"]
test_all = ["anyjson (>=0.3.3)", "arrow (>=0.3.4)", "Babel (>=1.3)", "colour (>=0.0.4)", "cryptography (>=0.6)", "enum34", "intervals (>=0.7.1)", "ipaddr", "passlib (>=1.6,<2.0)", "phonenumbers (>=5.9.2)", "pytest (>=2.7.1)", "Pygments (>=1.2)", "Jinja2 (>=2.3)", "docutils (>=0.10)", "flexmock (>=0.9.7)", "mock (2.0.0)", "psycopg2 (>=2.5.1)", "pg8000 (>=1.12.4)", "pytz (>=2014.2)", "python-dateutil (>=2.2)", "pymysql", "flake8 (>=2.4.0)", "isort (>=4.2.2)", "pyodbc", "python-dateutil", "furl (>=0.4.1)"]
timezone = ["python-dateutil"]
url = ["furl (>=0.4.1)"]

[[package]]
category = "main"
description = "Python Library for Tom's Obvious, Minimal Language"
name = "toml"
optional = true
python-versions = "*"
version = "0.10.0"

[[package]]
category = "main"
description = "tox is a generic virtualenv management and test command line tool"
name = "tox"
optional = true
python-versions = "!=3.0.*,!=3.1.*,!=3.2.*,!=3.3.*,!=3.4.*,>=2.7"
version = "3.14.5"

[package.dependencies]
colorama = ">=0.4.1"
filelock = ">=3.0.0,<4"
packaging = ">=14"
pluggy = ">=0.12.0,<1"
py = ">=1.4.17,<2"
six = ">=1.14.0,<2"
toml = ">=0.9.4"
virtualenv = ">=16.0.0"

[package.dependencies.importlib-metadata]
python = "<3.8"
version = ">=0.12,<2"

[package.extras]
docs = ["sphinx (>=2.0.0,<3)", "towncrier (>=18.5.0)", "pygments-github-lexers (>=0.0.5)", "sphinxcontrib-autoprogram (>=0.1.5)"]
testing = ["freezegun (>=0.3.11,<1)", "pathlib2 (>=2.3.3,<3)", "pytest (>=4.0.0,<6)", "pytest-cov (>=2.5.1,<3)", "pytest-mock (>=1.10.0,<2)", "pytest-xdist (>=1.22.2,<2)", "pytest-randomly (>=1.0.0,<4)", "flaky (>=3.4.0,<4)", "psutil (>=5.6.1,<6)"]

[[package]]
category = "main"
description = "HTTP library with thread-safe connection pooling, file post, and more."
name = "urllib3"
optional = true
python-versions = ">=2.7, !=3.0.*, !=3.1.*, !=3.2.*, !=3.3.*, !=3.4.*, <4"
version = "1.25.8"

[package.extras]
brotli = ["brotlipy (>=0.6.0)"]
secure = ["pyOpenSSL (>=0.14)", "cryptography (>=1.3.4)", "idna (>=2.0.0)", "certifi", "ipaddress"]
socks = ["PySocks (>=1.5.6,<1.5.7 || >1.5.7,<2.0)"]

[[package]]
category = "main"
description = "Virtual Python Environment builder"
name = "virtualenv"
optional = true
python-versions = "!=3.0.*,!=3.1.*,!=3.2.*,!=3.3.*,>=2.7"
version = "20.0.13"

[package.dependencies]
appdirs = ">=1.4.3,<2"
distlib = ">=0.3.0,<1"
filelock = ">=3.0.0,<4"
six = ">=1.9.0,<2"

[package.dependencies.importlib-metadata]
python = "<3.8"
version = ">=0.12,<2"

[package.dependencies.importlib-resources]
python = "<3.7"
version = ">=1.0,<2"

[package.extras]
docs = ["sphinx (>=2.0.0,<3)", "sphinx-argparse (>=0.2.5,<1)", "sphinx-rtd-theme (>=0.4.3,<1)", "towncrier (>=19.9.0rc1)", "proselint (>=0.10.2,<1)"]
testing = ["pytest (>=4.0.0,<6)", "coverage (>=4.5.1,<6)", "pytest-mock (>=2.0.0,<3)", "pytest-env (>=0.6.2,<1)", "pytest-timeout (>=1.3.4,<2)", "packaging (>=20.0)", "xonsh (>=0.9.13,<1)"]

[[package]]
category = "main"
description = "Measures number of Terminal column cells of wide-character codes"
name = "wcwidth"
optional = true
python-versions = "*"
version = "0.1.8"

[[package]]
category = "main"
description = "Backport of pathlib-compatible object wrapper for zip files"
marker = "python_version < \"3.8\""
name = "zipp"
optional = true
python-versions = ">=3.6"
version = "3.1.0"

[package.extras]
docs = ["sphinx", "jaraco.packaging (>=3.2)", "rst.linker (>=1.9)"]
testing = ["jaraco.itertools", "func-timeout"]

[extras]
dev = ["coveralls", "mock", "pre-commit", "pytest", "pytest-benchmark", "pytest-cov", "sqlalchemy_utils", "tox"]

[metadata]
content-hash = "6e7f8d2a2bf077951d32d8a1a0eacbbe907f8ec57b49465a7fda518dcae180d1"
python-versions = "^3.6"

[metadata.files]
aniso8601 = [
    {file = "aniso8601-7.0.0-py2.py3-none-any.whl", hash = "sha256:d10a4bf949f619f719b227ef5386e31f49a2b6d453004b21f02661ccc8670c7b"},
    {file = "aniso8601-7.0.0.tar.gz", hash = "sha256:513d2b6637b7853806ae79ffaca6f3e8754bdd547048f5ccc1420aec4b714f1e"},
]
appdirs = [
    {file = "appdirs-1.4.3-py2.py3-none-any.whl", hash = "sha256:d8b24664561d0d34ddfaec54636d502d7cea6e29c3eaf68f3df6180863e2166e"},
    {file = "appdirs-1.4.3.tar.gz", hash = "sha256:9e5896d1372858f8dd3344faf4e5014d21849c756c8d5701f78f8a103b372d92"},
]
"aspy.yaml" = [
    {file = "aspy.yaml-1.3.0-py2.py3-none-any.whl", hash = "sha256:463372c043f70160a9ec950c3f1e4c3a82db5fca01d334b6bc89c7164d744bdc"},
    {file = "aspy.yaml-1.3.0.tar.gz", hash = "sha256:e7c742382eff2caed61f87a39d13f99109088e5e93f04d76eb8d4b28aa143f45"},
]
atomicwrites = [
    {file = "atomicwrites-1.3.0-py2.py3-none-any.whl", hash = "sha256:03472c30eb2c5d1ba9227e4c2ca66ab8287fbfbbda3888aa93dc2e28fc6811b4"},
    {file = "atomicwrites-1.3.0.tar.gz", hash = "sha256:75a9445bac02d8d058d5e1fe689654ba5a6556a1dfd8ce6ec55a0ed79866cfa6"},
]
attrs = [
    {file = "attrs-19.3.0-py2.py3-none-any.whl", hash = "sha256:08a96c641c3a74e44eb59afb61a24f2cb9f4d7188748e76ba4bb5edfa3cb7d1c"},
    {file = "attrs-19.3.0.tar.gz", hash = "sha256:f7b7ce16570fe9965acd6d30101a28f62fb4a7f9e926b3bbc9b61f8b04247e72"},
]
certifi = [
    {file = "certifi-2019.11.28-py2.py3-none-any.whl", hash = "sha256:017c25db2a153ce562900032d5bc68e9f191e44e9a0f762f373977de9df1fbb3"},
    {file = "certifi-2019.11.28.tar.gz", hash = "sha256:25b64c7da4cd7479594d035c08c2d809eb4aab3a26e5a990ea98cc450c320f1f"},
]
cfgv = [
    {file = "cfgv-3.0.0-py2.py3-none-any.whl", hash = "sha256:f22b426ed59cd2ab2b54ff96608d846c33dfb8766a67f0b4a6ce130ce244414f"},
    {file = "cfgv-3.0.0.tar.gz", hash = "sha256:04b093b14ddf9fd4d17c53ebfd55582d27b76ed30050193c14e560770c5360eb"},
]
chardet = [
    {file = "chardet-3.0.4-py2.py3-none-any.whl", hash = "sha256:fc323ffcaeaed0e0a02bf4d117757b98aed530d9ed4531e3e15460124c106691"},
    {file = "chardet-3.0.4.tar.gz", hash = "sha256:84ab92ed1c4d4f16916e05906b6b75a6c0fb5db821cc65e70cbd64a3e2a5eaae"},
]
colorama = [
    {file = "colorama-0.4.3-py2.py3-none-any.whl", hash = "sha256:7d73d2a99753107a36ac6b455ee49046802e59d9d076ef8e47b61499fa29afff"},
    {file = "colorama-0.4.3.tar.gz", hash = "sha256:e96da0d330793e2cb9485e9ddfd918d456036c7149416295932478192f4436a1"},
]
coverage = [
    {file = "coverage-5.0.4-cp27-cp27m-macosx_10_12_x86_64.whl", hash = "sha256:8a620767b8209f3446197c0e29ba895d75a1e272a36af0786ec70fe7834e4307"},
    {file = "coverage-5.0.4-cp27-cp27m-macosx_10_13_intel.whl", hash = "sha256:73aa6e86034dad9f00f4bbf5a666a889d17d79db73bc5af04abd6c20a014d9c8"},
    {file = "coverage-5.0.4-cp27-cp27m-manylinux1_i686.whl", hash = "sha256:408ce64078398b2ee2ec08199ea3fcf382828d2f8a19c5a5ba2946fe5ddc6c31"},
    {file = "coverage-5.0.4-cp27-cp27m-manylinux1_x86_64.whl", hash = "sha256:cda33311cb9fb9323958a69499a667bd728a39a7aa4718d7622597a44c4f1441"},
    {file = "coverage-5.0.4-cp27-cp27m-win32.whl", hash = "sha256:5f587dfd83cb669933186661a351ad6fc7166273bc3e3a1531ec5c783d997aac"},
    {file = "coverage-5.0.4-cp27-cp27m-win_amd64.whl", hash = "sha256:9fad78c13e71546a76c2f8789623eec8e499f8d2d799f4b4547162ce0a4df435"},
    {file = "coverage-5.0.4-cp27-cp27mu-manylinux1_i686.whl", hash = "sha256:2e08c32cbede4a29e2a701822291ae2bc9b5220a971bba9d1e7615312efd3037"},
    {file = "coverage-5.0.4-cp27-cp27mu-manylinux1_x86_64.whl", hash = "sha256:922fb9ef2c67c3ab20e22948dcfd783397e4c043a5c5fa5ff5e9df5529074b0a"},
    {file = "coverage-5.0.4-cp35-cp35m-macosx_10_12_x86_64.whl", hash = "sha256:c3fc325ce4cbf902d05a80daa47b645d07e796a80682c1c5800d6ac5045193e5"},
    {file = "coverage-5.0.4-cp35-cp35m-manylinux1_i686.whl", hash = "sha256:046a1a742e66d065d16fb564a26c2a15867f17695e7f3d358d7b1ad8a61bca30"},
    {file = "coverage-5.0.4-cp35-cp35m-manylinux1_x86_64.whl", hash = "sha256:6ad6ca45e9e92c05295f638e78cd42bfaaf8ee07878c9ed73e93190b26c125f7"},
    {file = "coverage-5.0.4-cp35-cp35m-win32.whl", hash = "sha256:eda55e6e9ea258f5e4add23bcf33dc53b2c319e70806e180aecbff8d90ea24de"},
    {file = "coverage-5.0.4-cp35-cp35m-win_amd64.whl", hash = "sha256:4a8a259bf990044351baf69d3b23e575699dd60b18460c71e81dc565f5819ac1"},
    {file = "coverage-5.0.4-cp36-cp36m-macosx_10_13_x86_64.whl", hash = "sha256:f372cdbb240e09ee855735b9d85e7f50730dcfb6296b74b95a3e5dea0615c4c1"},
    {file = "coverage-5.0.4-cp36-cp36m-manylinux1_i686.whl", hash = "sha256:a37c6233b28e5bc340054cf6170e7090a4e85069513320275a4dc929144dccf0"},
    {file = "coverage-5.0.4-cp36-cp36m-manylinux1_x86_64.whl", hash = "sha256:443be7602c790960b9514567917af538cac7807a7c0c0727c4d2bbd4014920fd"},
    {file = "coverage-5.0.4-cp36-cp36m-win32.whl", hash = "sha256:165a48268bfb5a77e2d9dbb80de7ea917332a79c7adb747bd005b3a07ff8caf0"},
    {file = "coverage-5.0.4-cp36-cp36m-win_amd64.whl", hash = "sha256:0a907199566269e1cfa304325cc3b45c72ae341fbb3253ddde19fa820ded7a8b"},
    {file = "coverage-5.0.4-cp37-cp37m-macosx_10_13_x86_64.whl", hash = "sha256:513e6526e0082c59a984448f4104c9bf346c2da9961779ede1fc458e8e8a1f78"},
    {file = "coverage-5.0.4-cp37-cp37m-manylinux1_i686.whl", hash = "sha256:3844c3dab800ca8536f75ae89f3cf566848a3eb2af4d9f7b1103b4f4f7a5dad6"},
    {file = "coverage-5.0.4-cp37-cp37m-manylinux1_x86_64.whl", hash = "sha256:641e329e7f2c01531c45c687efcec8aeca2a78a4ff26d49184dce3d53fc35014"},
    {file = "coverage-5.0.4-cp37-cp37m-win32.whl", hash = "sha256:db1d4e38c9b15be1521722e946ee24f6db95b189d1447fa9ff18dd16ba89f732"},
    {file = "coverage-5.0.4-cp37-cp37m-win_amd64.whl", hash = "sha256:62061e87071497951155cbccee487980524d7abea647a1b2a6eb6b9647df9006"},
    {file = "coverage-5.0.4-cp38-cp38-macosx_10_13_x86_64.whl", hash = "sha256:65a7e00c00472cd0f59ae09d2fb8a8aaae7f4a0cf54b2b74f3138d9f9ceb9cb2"},
    {file = "coverage-5.0.4-cp38-cp38-manylinux1_i686.whl", hash = "sha256:1f66cf263ec77af5b8fe14ef14c5e46e2eb4a795ac495ad7c03adc72ae43fafe"},
    {file = "coverage-5.0.4-cp38-cp38-manylinux1_x86_64.whl", hash = "sha256:85596aa5d9aac1bf39fe39d9fa1051b0f00823982a1de5766e35d495b4a36ca9"},
    {file = "coverage-5.0.4-cp38-cp38-win32.whl", hash = "sha256:86a0ea78fd851b313b2e712266f663e13b6bc78c2fb260b079e8b67d970474b1"},
    {file = "coverage-5.0.4-cp38-cp38-win_amd64.whl", hash = "sha256:03f630aba2b9b0d69871c2e8d23a69b7fe94a1e2f5f10df5049c0df99db639a0"},
    {file = "coverage-5.0.4-cp39-cp39-win32.whl", hash = "sha256:7c9762f80a25d8d0e4ab3cb1af5d9dffbddb3ee5d21c43e3474c84bf5ff941f7"},
    {file = "coverage-5.0.4-cp39-cp39-win_amd64.whl", hash = "sha256:4482f69e0701139d0f2c44f3c395d1d1d37abd81bfafbf9b6efbe2542679d892"},
    {file = "coverage-5.0.4.tar.gz", hash = "sha256:1b60a95fc995649464e0cd48cecc8288bac5f4198f21d04b8229dc4097d76823"},
]
coveralls = [
    {file = "coveralls-1.11.1-py2.py3-none-any.whl", hash = "sha256:4b6bfc2a2a77b890f556bc631e35ba1ac21193c356393b66c84465c06218e135"},
    {file = "coveralls-1.11.1.tar.gz", hash = "sha256:67188c7ec630c5f708c31552f2bcdac4580e172219897c4136504f14b823132f"},
]
distlib = [
    {file = "distlib-0.3.0.zip", hash = "sha256:2e166e231a26b36d6dfe35a48c4464346620f8645ed0ace01ee31822b288de21"},
]
docopt = [
    {file = "docopt-0.6.2.tar.gz", hash = "sha256:49b3a825280bd66b3aa83585ef59c4a8c82f2c8a522dbe754a8bc8d08c85c491"},
]
filelock = [
    {file = "filelock-3.0.12-py3-none-any.whl", hash = "sha256:929b7d63ec5b7d6b71b0fa5ac14e030b3f70b75747cef1b10da9b879fef15836"},
    {file = "filelock-3.0.12.tar.gz", hash = "sha256:18d82244ee114f543149c66a6e0c14e9c4f8a1044b5cdaadd0f82159d6a6ff59"},
]
graphene = [
    {file = "graphene-2.1.8-py2.py3-none-any.whl", hash = "sha256:09165f03e1591b76bf57b133482db9be6dac72c74b0a628d3c93182af9c5a896"},
    {file = "graphene-2.1.8.tar.gz", hash = "sha256:2cbe6d4ef15cfc7b7805e0760a0e5b80747161ce1b0f990dfdc0d2cf497c12f9"},
]
graphql-core = [
    {file = "graphql-core-2.3.1.tar.gz", hash = "sha256:74a8f509ae8c4a58271f5d6b46d5c75b4aed116821ab62dea252d8041bfe057a"},
    {file = "graphql_core-2.3.1-py2.py3-none-any.whl", hash = "sha256:c06e59153246dd48ddbf86ca94a8f045c1b71daf8154b4635e1a0e2e11d9b60b"},
]
graphql-relay = [
    {file = "graphql-relay-2.0.1.tar.gz", hash = "sha256:870b6b5304123a38a0b215a79eace021acce5a466bf40cd39fa18cb8528afabb"},
    {file = "graphql_relay-2.0.1-py3-none-any.whl", hash = "sha256:ac514cb86db9a43014d7e73511d521137ac12cf0101b2eaa5f0a3da2e10d913d"},
]
identify = [
    {file = "identify-1.4.11-py2.py3-none-any.whl", hash = "sha256:1222b648251bdcb8deb240b294f450fbf704c7984e08baa92507e4ea10b436d5"},
    {file = "identify-1.4.11.tar.gz", hash = "sha256:d824ebe21f38325c771c41b08a95a761db1982f1fc0eee37c6c97df3f1636b96"},
]
idna = [
    {file = "idna-2.9-py2.py3-none-any.whl", hash = "sha256:a068a21ceac8a4d63dbfd964670474107f541babbd2250d61922f029858365fa"},
    {file = "idna-2.9.tar.gz", hash = "sha256:7588d1c14ae4c77d74036e8c22ff447b26d0fde8f007354fd48a7814db15b7cb"},
]
importlib-metadata = [
    {file = "importlib_metadata-1.5.0-py2.py3-none-any.whl", hash = "sha256:b97607a1a18a5100839aec1dc26a1ea17ee0d93b20b0f008d80a5a050afb200b"},
    {file = "importlib_metadata-1.5.0.tar.gz", hash = "sha256:06f5b3a99029c7134207dd882428a66992a9de2bef7c2b699b5641f9886c3302"},
]
importlib-resources = [
    {file = "importlib_resources-1.4.0-py2.py3-none-any.whl", hash = "sha256:dd98ceeef3f5ad2ef4cc287b8586da4ebad15877f351e9688987ad663a0a29b8"},
    {file = "importlib_resources-1.4.0.tar.gz", hash = "sha256:4019b6a9082d8ada9def02bece4a76b131518866790d58fdda0b5f8c603b36c2"},
]
mock = [
    {file = "mock-2.0.0-py2.py3-none-any.whl", hash = "sha256:5ce3c71c5545b472da17b72268978914d0252980348636840bd34a00b5cc96c1"},
    {file = "mock-2.0.0.tar.gz", hash = "sha256:b158b6df76edd239b8208d481dc46b6afd45a846b7812ff0ce58971cf5bc8bba"},
]
more-itertools = [
    {file = "more-itertools-8.2.0.tar.gz", hash = "sha256:b1ddb932186d8a6ac451e1d95844b382f55e12686d51ca0c68b6f61f2ab7a507"},
    {file = "more_itertools-8.2.0-py3-none-any.whl", hash = "sha256:5dd8bcf33e5f9513ffa06d5ad33d78f31e1931ac9a18f33d37e77a180d393a7c"},
]
nodeenv = [
    {file = "nodeenv-1.3.5-py2.py3-none-any.whl", hash = "sha256:5b2438f2e42af54ca968dd1b374d14a1194848955187b0e5e4be1f73813a5212"},
]
packaging = [
    {file = "packaging-20.3-py2.py3-none-any.whl", hash = "sha256:82f77b9bee21c1bafbf35a84905d604d5d1223801d639cf3ed140bd651c08752"},
    {file = "packaging-20.3.tar.gz", hash = "sha256:3c292b474fda1671ec57d46d739d072bfd495a4f51ad01a055121d81e952b7a3"},
]
pbr = [
    {file = "pbr-5.4.4-py2.py3-none-any.whl", hash = "sha256:61aa52a0f18b71c5cc58232d2cf8f8d09cd67fcad60b742a60124cb8d6951488"},
    {file = "pbr-5.4.4.tar.gz", hash = "sha256:139d2625547dbfa5fb0b81daebb39601c478c21956dc57e2e07b74450a8c506b"},
]
pluggy = [
    {file = "pluggy-0.13.1-py2.py3-none-any.whl", hash = "sha256:966c145cd83c96502c3c3868f50408687b38434af77734af1e9ca461a4081d2d"},
    {file = "pluggy-0.13.1.tar.gz", hash = "sha256:15b2acde666561e1298d71b523007ed7364de07029219b604cf808bfa1c765b0"},
]
pre-commit = [
    {file = "pre_commit-1.21.0-py2.py3-none-any.whl", hash = "sha256:f92a359477f3252452ae2e8d3029de77aec59415c16ae4189bcfba40b757e029"},
    {file = "pre_commit-1.21.0.tar.gz", hash = "sha256:8f48d8637bdae6fa70cc97db9c1dd5aa7c5c8bf71968932a380628c25978b850"},
]
promise = [
    {file = "promise-2.3.tar.gz", hash = "sha256:dfd18337c523ba4b6a58801c164c1904a9d4d1b1747c7d5dbf45b693a49d93d0"},
]
py = [
    {file = "py-1.8.1-py2.py3-none-any.whl", hash = "sha256:c20fdd83a5dbc0af9efd622bee9a5564e278f6380fffcacc43ba6f43db2813b0"},
    {file = "py-1.8.1.tar.gz", hash = "sha256:5e27081401262157467ad6e7f851b7aa402c5852dbcb3dae06768434de5752aa"},
]
py-cpuinfo = [
    {file = "py-cpuinfo-5.0.0.tar.gz", hash = "sha256:2cf6426f776625b21d1db8397d3297ef7acfa59018f02a8779123f3190f18500"},
]
pyparsing = [
    {file = "pyparsing-2.4.6-py2.py3-none-any.whl", hash = "sha256:c342dccb5250c08d45fd6f8b4a559613ca603b57498511740e65cd11a2e7dcec"},
    {file = "pyparsing-2.4.6.tar.gz", hash = "sha256:4c830582a84fb022400b85429791bc551f1f4871c33f23e44f353119e92f969f"},
]
pytest = [
    {file = "pytest-4.6.9-py2.py3-none-any.whl", hash = "sha256:c77a5f30a90e0ce24db9eaa14ddfd38d4afb5ea159309bdd2dae55b931bc9324"},
    {file = "pytest-4.6.9.tar.gz", hash = "sha256:19e8f75eac01dd3f211edd465b39efbcbdc8fc5f7866d7dd49fedb30d8adf339"},
]
pytest-benchmark = [
    {file = "pytest-benchmark-3.2.3.tar.gz", hash = "sha256:ad4314d093a3089701b24c80a05121994c7765ce373478c8f4ba8d23c9ba9528"},
    {file = "pytest_benchmark-3.2.3-py2.py3-none-any.whl", hash = "sha256:01f79d38d506f5a3a0a9ada22ded714537bbdfc8147a881a35c1655db07289d9"},
]
pytest-cov = [
    {file = "pytest-cov-2.8.1.tar.gz", hash = "sha256:cc6742d8bac45070217169f5f72ceee1e0e55b0221f54bcf24845972d3a47f2b"},
    {file = "pytest_cov-2.8.1-py2.py3-none-any.whl", hash = "sha256:cdbdef4f870408ebdbfeb44e63e07eb18bb4619fae852f6e760645fa36172626"},
]
pyyaml = [
    {file = "PyYAML-5.3.1-cp27-cp27m-win32.whl", hash = "sha256:74809a57b329d6cc0fdccee6318f44b9b8649961fa73144a98735b0aaf029f1f"},
    {file = "PyYAML-5.3.1-cp27-cp27m-win_amd64.whl", hash = "sha256:240097ff019d7c70a4922b6869d8a86407758333f02203e0fc6ff79c5dcede76"},
    {file = "PyYAML-5.3.1-cp35-cp35m-win32.whl", hash = "sha256:4f4b913ca1a7319b33cfb1369e91e50354d6f07a135f3b901aca02aa95940bd2"},
    {file = "PyYAML-5.3.1-cp35-cp35m-win_amd64.whl", hash = "sha256:cc8955cfbfc7a115fa81d85284ee61147059a753344bc51098f3ccd69b0d7e0c"},
    {file = "PyYAML-5.3.1-cp36-cp36m-win32.whl", hash = "sha256:7739fc0fa8205b3ee8808aea45e968bc90082c10aef6ea95e855e10abf4a37b2"},
    {file = "PyYAML-5.3.1-cp36-cp36m-win_amd64.whl", hash = "sha256:69f00dca373f240f842b2931fb2c7e14ddbacd1397d57157a9b005a6a9942648"},
    {file = "PyYAML-5.3.1-cp37-cp37m-win32.whl", hash = "sha256:d13155f591e6fcc1ec3b30685d50bf0711574e2c0dfffd7644babf8b5102ca1a"},
    {file = "PyYAML-5.3.1-cp37-cp37m-win_amd64.whl", hash = "sha256:73f099454b799e05e5ab51423c7bcf361c58d3206fa7b0d555426b1f4d9a3eaf"},
    {file = "PyYAML-5.3.1-cp38-cp38-win32.whl", hash = "sha256:06a0d7ba600ce0b2d2fe2e78453a470b5a6e000a985dd4a4e54e436cc36b0e97"},
    {file = "PyYAML-5.3.1-cp38-cp38-win_amd64.whl", hash = "sha256:95f71d2af0ff4227885f7a6605c37fd53d3a106fcab511b8860ecca9fcf400ee"},
    {file = "PyYAML-5.3.1.tar.gz", hash = "sha256:b8eac752c5e14d3eca0e6dd9199cd627518cb5ec06add0de9d32baeee6fe645d"},
]
requests = [
    {file = "requests-2.23.0-py2.py3-none-any.whl", hash = "sha256:43999036bfa82904b6af1d99e4882b560e5e2c68e5c4b0aa03b655f3d7d73fee"},
    {file = "requests-2.23.0.tar.gz", hash = "sha256:b3f43d496c6daba4493e7c431722aeb7dbc6288f52a6e04e7b6023b0247817e6"},
]
rx = [
    {file = "Rx-1.6.1-py2.py3-none-any.whl", hash = "sha256:7357592bc7e881a95e0c2013b73326f704953301ab551fbc8133a6fadab84105"},
    {file = "Rx-1.6.1.tar.gz", hash = "sha256:13a1d8d9e252625c173dc795471e614eadfe1cf40ffc684e08b8fff0d9748c23"},
]
six = [
    {file = "six-1.14.0-py2.py3-none-any.whl", hash = "sha256:8f3cd2e254d8f793e7f3d6d9df77b92252b52637291d0f0da013c76ea2724b6c"},
    {file = "six-1.14.0.tar.gz", hash = "sha256:236bdbdce46e6e6a3d61a337c0f8b763ca1e8717c03b369e87a7ec7ce1319c0a"},
]
sqlalchemy = [
    {file = "SQLAlchemy-1.3.15.tar.gz", hash = "sha256:c4cca4aed606297afbe90d4306b49ad3a4cd36feb3f87e4bfd655c57fd9ef445"},
]
sqlalchemy-utils = [
    {file = "SQLAlchemy-Utils-0.33.11.tar.gz", hash = "sha256:3f1cb542cf0549a0de508d4919f3ad693a36230bf4cd13fdd6253549fec71182"},
]
toml = [
    {file = "toml-0.10.0-py2.7.egg", hash = "sha256:f1db651f9657708513243e61e6cc67d101a39bad662eaa9b5546f789338e07a3"},
    {file = "toml-0.10.0-py2.py3-none-any.whl", hash = "sha256:235682dd292d5899d361a811df37e04a8828a5b1da3115886b73cf81ebc9100e"},
    {file = "toml-0.10.0.tar.gz", hash = "sha256:229f81c57791a41d65e399fc06bf0848bab550a9dfd5ed66df18ce5f05e73d5c"},
]
tox = [
    {file = "tox-3.14.5-py2.py3-none-any.whl", hash = "sha256:0cbe98369081fa16bd6f1163d3d0b2a62afa29d402ccfad2bd09fb2668be0956"},
    {file = "tox-3.14.5.tar.gz", hash = "sha256:676f1e3e7de245ad870f956436b84ea226210587d1f72c8dfb8cd5ac7b6f0e70"},
]
urllib3 = [
    {file = "urllib3-1.25.8-py2.py3-none-any.whl", hash = "sha256:2f3db8b19923a873b3e5256dc9c2dedfa883e33d87c690d9c7913e1f40673cdc"},
    {file = "urllib3-1.25.8.tar.gz", hash = "sha256:87716c2d2a7121198ebcb7ce7cccf6ce5e9ba539041cfbaeecfb641dc0bf6acc"},
]
virtualenv = [
    {file = "virtualenv-20.0.13-py2.py3-none-any.whl", hash = "sha256:87831f1070534b636fea2241dd66f3afe37ac9041bcca6d0af3215cdcfbf7d82"},
    {file = "virtualenv-20.0.13.tar.gz", hash = "sha256:f3128d882383c503003130389bf892856341c1da12c881ae24d6358c82561b55"},
]
wcwidth = [
    {file = "wcwidth-0.1.8-py2.py3-none-any.whl", hash = "sha256:8fd29383f539be45b20bd4df0dc29c20ba48654a41e661925e612311e9f3c603"},
    {file = "wcwidth-0.1.8.tar.gz", hash = "sha256:f28b3e8a6483e5d49e7f8949ac1a78314e740333ae305b4ba5defd3e74fb37a8"},
]
zipp = [
    {file = "zipp-3.1.0-py3-none-any.whl", hash = "sha256:aa36550ff0c0b7ef7fa639055d797116ee891440eac1a56f378e2d3179e0320b"},
    {file = "zipp-3.1.0.tar.gz", hash = "sha256:c599e4d75c98f6798c509911d08a22e6c021d074469042177c8c86fb92eefd96"},
]
